// !$*UTF8*$!
{
	archiveVersion = 1;
	classes = {
	};
	objectVersion = 46;
	objects = {

/* Begin PBXBuildFile section */
		08A951811CA9C4B30015E7B2 /* AppDelegate.swift in Sources */ = {isa = PBXBuildFile; fileRef = 08A951801CA9C4B30015E7B2 /* AppDelegate.swift */; };
		08A951831CA9C4B30015E7B2 /* MapViewController.swift in Sources */ = {isa = PBXBuildFile; fileRef = 08A951821CA9C4B30015E7B2 /* MapViewController.swift */; };
		08A951861CA9C4B30015E7B2 /* Main.storyboard in Resources */ = {isa = PBXBuildFile; fileRef = 08A951841CA9C4B30015E7B2 /* Main.storyboard */; };
		08A951891CA9C4B30015E7B2 /* PropFinder.xcdatamodeld in Sources */ = {isa = PBXBuildFile; fileRef = 08A951871CA9C4B30015E7B2 /* PropFinder.xcdatamodeld */; };
		08A9518B1CA9C4B30015E7B2 /* Assets.xcassets in Resources */ = {isa = PBXBuildFile; fileRef = 08A9518A1CA9C4B30015E7B2 /* Assets.xcassets */; };
		08A9518E1CA9C4B30015E7B2 /* LaunchScreen.storyboard in Resources */ = {isa = PBXBuildFile; fileRef = 08A9518C1CA9C4B30015E7B2 /* LaunchScreen.storyboard */; };
		08A951981CA9CAB60015E7B2 /* CoreDataStackManager.swift in Sources */ = {isa = PBXBuildFile; fileRef = 08A951971CA9CAB60015E7B2 /* CoreDataStackManager.swift */; };
		08A9519A1CA9CBB50015E7B2 /* Property.swift in Sources */ = {isa = PBXBuildFile; fileRef = 08A951991CA9CBB50015E7B2 /* Property.swift */; };
		08A9519C1CAC721F0015E7B2 /* NestoriaClient.swift in Sources */ = {isa = PBXBuildFile; fileRef = 08A9519B1CAC721F0015E7B2 /* NestoriaClient.swift */; };
		08A9519E1CAC724F0015E7B2 /* ImageCache.swift in Sources */ = {isa = PBXBuildFile; fileRef = 08A9519D1CAC724F0015E7B2 /* ImageCache.swift */; };
		08A951A11CAFC7CB0015E7B2 /* NestoriaConstants.swift in Sources */ = {isa = PBXBuildFile; fileRef = 08A951A01CAFC7CB0015E7B2 /* NestoriaConstants.swift */; };
		08A951A41CB121780015E7B2 /* SearchViewController.swift in Sources */ = {isa = PBXBuildFile; fileRef = 08A951A31CB121780015E7B2 /* SearchViewController.swift */; };
		08A951A61CB121910015E7B2 /* FavouriteViewController.swift in Sources */ = {isa = PBXBuildFile; fileRef = 08A951A51CB121910015E7B2 /* FavouriteViewController.swift */; };
		08A951A81CBEF30A0015E7B2 /* PropDetailViewController.swift in Sources */ = {isa = PBXBuildFile; fileRef = 08A951A71CBEF30A0015E7B2 /* PropDetailViewController.swift */; };
/* End PBXBuildFile section */

/* Begin PBXFileReference section */
		08A9517D1CA9C4B20015E7B2 /* PropFinder.app */ = {isa = PBXFileReference; explicitFileType = wrapper.application; includeInIndex = 0; path = PropFinder.app; sourceTree = BUILT_PRODUCTS_DIR; };
		08A951801CA9C4B30015E7B2 /* AppDelegate.swift */ = {isa = PBXFileReference; lastKnownFileType = sourcecode.swift; path = AppDelegate.swift; sourceTree = "<group>"; };
		08A951821CA9C4B30015E7B2 /* MapViewController.swift */ = {isa = PBXFileReference; lastKnownFileType = sourcecode.swift; path = MapViewController.swift; sourceTree = "<group>"; };
		08A951851CA9C4B30015E7B2 /* Base */ = {isa = PBXFileReference; lastKnownFileType = file.storyboard; name = Base; path = Base.lproj/Main.storyboard; sourceTree = "<group>"; };
		08A951881CA9C4B30015E7B2 /* PropFinder.xcdatamodel */ = {isa = PBXFileReference; lastKnownFileType = wrapper.xcdatamodel; path = PropFinder.xcdatamodel; sourceTree = "<group>"; };
		08A9518A1CA9C4B30015E7B2 /* Assets.xcassets */ = {isa = PBXFileReference; lastKnownFileType = folder.assetcatalog; path = Assets.xcassets; sourceTree = "<group>"; };
		08A9518D1CA9C4B30015E7B2 /* Base */ = {isa = PBXFileReference; lastKnownFileType = file.storyboard; name = Base; path = Base.lproj/LaunchScreen.storyboard; sourceTree = "<group>"; };
		08A9518F1CA9C4B30015E7B2 /* Info.plist */ = {isa = PBXFileReference; lastKnownFileType = text.plist.xml; path = Info.plist; sourceTree = "<group>"; };
		08A951971CA9CAB60015E7B2 /* CoreDataStackManager.swift */ = {isa = PBXFileReference; fileEncoding = 4; lastKnownFileType = sourcecode.swift; path = CoreDataStackManager.swift; sourceTree = "<group>"; };
		08A951991CA9CBB50015E7B2 /* Property.swift */ = {isa = PBXFileReference; fileEncoding = 4; lastKnownFileType = sourcecode.swift; path = Property.swift; sourceTree = "<group>"; };
		08A9519B1CAC721F0015E7B2 /* NestoriaClient.swift */ = {isa = PBXFileReference; fileEncoding = 4; lastKnownFileType = sourcecode.swift; path = NestoriaClient.swift; sourceTree = "<group>"; };
		08A9519D1CAC724F0015E7B2 /* ImageCache.swift */ = {isa = PBXFileReference; fileEncoding = 4; lastKnownFileType = sourcecode.swift; path = ImageCache.swift; sourceTree = "<group>"; };
		08A951A01CAFC7CB0015E7B2 /* NestoriaConstants.swift */ = {isa = PBXFileReference; fileEncoding = 4; lastKnownFileType = sourcecode.swift; path = NestoriaConstants.swift; sourceTree = "<group>"; };
		08A951A31CB121780015E7B2 /* SearchViewController.swift */ = {isa = PBXFileReference; fileEncoding = 4; lastKnownFileType = sourcecode.swift; path = SearchViewController.swift; sourceTree = "<group>"; };
		08A951A51CB121910015E7B2 /* FavouriteViewController.swift */ = {isa = PBXFileReference; fileEncoding = 4; lastKnownFileType = sourcecode.swift; path = FavouriteViewController.swift; sourceTree = "<group>"; };
		08A951A71CBEF30A0015E7B2 /* PropDetailViewController.swift */ = {isa = PBXFileReference; fileEncoding = 4; lastKnownFileType = sourcecode.swift; path = PropDetailViewController.swift; sourceTree = "<group>"; };
/* End PBXFileReference section */

/* Begin PBXFrameworksBuildPhase section */
		08A9517A1CA9C4B20015E7B2 /* Frameworks */ = {
			isa = PBXFrameworksBuildPhase;
			buildActionMask = 2147483647;
			files = (
			);
			runOnlyForDeploymentPostprocessing = 0;
		};
/* End PBXFrameworksBuildPhase section */

/* Begin PBXGroup section */
		08A951741CA9C4B20015E7B2 = {
			isa = PBXGroup;
			children = (
				08A9517F1CA9C4B20015E7B2 /* PropFinder */,
				08A9517E1CA9C4B20015E7B2 /* Products */,
			);
			sourceTree = "<group>";
		};
		08A9517E1CA9C4B20015E7B2 /* Products */ = {
			isa = PBXGroup;
			children = (
				08A9517D1CA9C4B20015E7B2 /* PropFinder.app */,
			);
			name = Products;
			sourceTree = "<group>";
		};
		08A9517F1CA9C4B20015E7B2 /* PropFinder */ = {
			isa = PBXGroup;
			children = (
				08A951961CA9C4D90015E7B2 /* Model */,
				08A951951CA9C4CA0015E7B2 /* ViewController */,
				08A951801CA9C4B30015E7B2 /* AppDelegate.swift */,
				08A9518A1CA9C4B30015E7B2 /* Assets.xcassets */,
				08A9518C1CA9C4B30015E7B2 /* LaunchScreen.storyboard */,
				08A9518F1CA9C4B30015E7B2 /* Info.plist */,
			);
			path = PropFinder;
			sourceTree = "<group>";
		};
		08A951951CA9C4CA0015E7B2 /* ViewController */ = {
			isa = PBXGroup;
			children = (
				08A951821CA9C4B30015E7B2 /* MapViewController.swift */,
				08A951A31CB121780015E7B2 /* SearchViewController.swift */,
				08A951A51CB121910015E7B2 /* FavouriteViewController.swift */,
				08A951A71CBEF30A0015E7B2 /* PropDetailViewController.swift */,
				08A951841CA9C4B30015E7B2 /* Main.storyboard */,
			);
			name = ViewController;
			sourceTree = "<group>";
		};
		08A951961CA9C4D90015E7B2 /* Model */ = {
			isa = PBXGroup;
			children = (
				08A9519F1CAFC7B80015E7B2 /* Nestoria */,
				08A951A21CAFC7DB0015E7B2 /* CoreData */,
			);
			name = Model;
			sourceTree = "<group>";
		};
		08A9519F1CAFC7B80015E7B2 /* Nestoria */ = {
			isa = PBXGroup;
			children = (
				08A9519B1CAC721F0015E7B2 /* NestoriaClient.swift */,
				08A951A01CAFC7CB0015E7B2 /* NestoriaConstants.swift */,
			);
			name = Nestoria;
			sourceTree = "<group>";
		};
		08A951A21CAFC7DB0015E7B2 /* CoreData */ = {
			isa = PBXGroup;
			children = (
				08A951871CA9C4B30015E7B2 /* PropFinder.xcdatamodeld */,
				08A951971CA9CAB60015E7B2 /* CoreDataStackManager.swift */,
				08A951991CA9CBB50015E7B2 /* Property.swift */,
				08A9519D1CAC724F0015E7B2 /* ImageCache.swift */,
			);
			name = CoreData;
			sourceTree = "<group>";
		};
/* End PBXGroup section */

/* Begin PBXNativeTarget section */
		08A9517C1CA9C4B20015E7B2 /* PropFinder */ = {
			isa = PBXNativeTarget;
			buildConfigurationList = 08A951921CA9C4B30015E7B2 /* Build configuration list for PBXNativeTarget "PropFinder" */;
			buildPhases = (
				08A951791CA9C4B20015E7B2 /* Sources */,
				08A9517A1CA9C4B20015E7B2 /* Frameworks */,
				08A9517B1CA9C4B20015E7B2 /* Resources */,
			);
			buildRules = (
			);
			dependencies = (
			);
			name = PropFinder;
			productName = PropFinder;
			productReference = 08A9517D1CA9C4B20015E7B2 /* PropFinder.app */;
			productType = "com.apple.product-type.application";
		};
/* End PBXNativeTarget section */

/* Begin PBXProject section */
		08A951751CA9C4B20015E7B2 /* Project object */ = {
			isa = PBXProject;
			attributes = {
				LastSwiftUpdateCheck = 0720;
				LastUpgradeCheck = 0720;
				ORGANIZATIONNAME = Quynh;
				TargetAttributes = {
					08A9517C1CA9C4B20015E7B2 = {
						CreatedOnToolsVersion = 7.2.1;
						DevelopmentTeam = R94F524VGS;
					};
				};
			};
			buildConfigurationList = 08A951781CA9C4B20015E7B2 /* Build configuration list for PBXProject "PropFinder" */;
			compatibilityVersion = "Xcode 3.2";
			developmentRegion = English;
			hasScannedForEncodings = 0;
			knownRegions = (
				en,
				Base,
			);
			mainGroup = 08A951741CA9C4B20015E7B2;
			productRefGroup = 08A9517E1CA9C4B20015E7B2 /* Products */;
			projectDirPath = "";
			projectRoot = "";
			targets = (
				08A9517C1CA9C4B20015E7B2 /* PropFinder */,
			);
		};
/* End PBXProject section */

/* Begin PBXResourcesBuildPhase section */
		08A9517B1CA9C4B20015E7B2 /* Resources */ = {
			isa = PBXResourcesBuildPhase;
			buildActionMask = 2147483647;
			files = (
				08A9518E1CA9C4B30015E7B2 /* LaunchScreen.storyboard in Resources */,
				08A9518B1CA9C4B30015E7B2 /* Assets.xcassets in Resources */,
				08A951861CA9C4B30015E7B2 /* Main.storyboard in Resources */,
			);
			runOnlyForDeploymentPostprocessing = 0;
		};
/* End PBXResourcesBuildPhase section */

/* Begin PBXSourcesBuildPhase section */
		08A951791CA9C4B20015E7B2 /* Sources */ = {
			isa = PBXSourcesBuildPhase;
			buildActionMask = 2147483647;
			files = (
				08A9519A1CA9CBB50015E7B2 /* Property.swift in Sources */,
				08A951A81CBEF30A0015E7B2 /* PropDetailViewController.swift in Sources */,
				08A9519C1CAC721F0015E7B2 /* NestoriaClient.swift in Sources */,
				08A951891CA9C4B30015E7B2 /* PropFinder.xcdatamodeld in Sources */,
				08A951A41CB121780015E7B2 /* SearchViewController.swift in Sources */,
				08A951981CA9CAB60015E7B2 /* CoreDataStackManager.swift in Sources */,
				08A951A11CAFC7CB0015E7B2 /* NestoriaConstants.swift in Sources */,
				08A951831CA9C4B30015E7B2 /* MapViewController.swift in Sources */,
				08A9519E1CAC724F0015E7B2 /* ImageCache.swift in Sources */,
				08A951A61CB121910015E7B2 /* FavouriteViewController.swift in Sources */,
				08A951811CA9C4B30015E7B2 /* AppDelegate.swift in Sources */,
			);
			runOnlyForDeploymentPostprocessing = 0;
		};
/* End PBXSourcesBuildPhase section */

/* Begin PBXVariantGroup section */
		08A951841CA9C4B30015E7B2 /* Main.storyboard */ = {
			isa = PBXVariantGroup;
			children = (
				08A951851CA9C4B30015E7B2 /* Base */,
			);
			name = Main.storyboard;
			sourceTree = "<group>";
		};
		08A9518C1CA9C4B30015E7B2 /* LaunchScreen.storyboard */ = {
			isa = PBXVariantGroup;
			children = (
				08A9518D1CA9C4B30015E7B2 /* Base */,
			);
			name = LaunchScreen.storyboard;
			sourceTree = "<group>";
		};
/* End PBXVariantGroup section */

/* Begin XCBuildConfiguration section */
		08A951901CA9C4B30015E7B2 /* Debug */ = {
			isa = XCBuildConfiguration;
			buildSettings = {
				ALWAYS_SEARCH_USER_PATHS = NO;
				CLANG_CXX_LANGUAGE_STANDARD = "gnu++0x";
				CLANG_CXX_LIBRARY = "libc++";
				CLANG_ENABLE_MODULES = YES;
				CLANG_ENABLE_OBJC_ARC = YES;
				CLANG_WARN_BOOL_CONVERSION = YES;
				CLANG_WARN_CONSTANT_CONVERSION = YES;
				CLANG_WARN_DIRECT_OBJC_ISA_USAGE = YES_ERROR;
				CLANG_WARN_EMPTY_BODY = YES;
				CLANG_WARN_ENUM_CONVERSION = YES;
				CLANG_WARN_INT_CONVERSION = YES;
				CLANG_WARN_OBJC_ROOT_CLASS = YES_ERROR;
				CLANG_WARN_UNREACHABLE_CODE = YES;
				CLANG_WARN__DUPLICATE_METHOD_MATCH = YES;
				"CODE_SIGN_IDENTITY[sdk=iphoneos*]" = "iPhone Developer";
				COPY_PHASE_STRIP = NO;
				DEBUG_INFORMATION_FORMAT = dwarf;
				ENABLE_STRICT_OBJC_MSGSEND = YES;
				ENABLE_TESTABILITY = YES;
				GCC_C_LANGUAGE_STANDARD = gnu99;
				GCC_DYNAMIC_NO_PIC = NO;
				GCC_NO_COMMON_BLOCKS = YES;
				GCC_OPTIMIZATION_LEVEL = 0;
				GCC_PREPROCESSOR_DEFINITIONS = (
					"DEBUG=1",
					"$(inherited)",
				);
				GCC_WARN_64_TO_32_BIT_CONVERSION = YES;
				GCC_WARN_ABOUT_RETURN_TYPE = YES_ERROR;
				GCC_WARN_UNDECLARED_SELECTOR = YES;
				GCC_WARN_UNINITIALIZED_AUTOS = YES_AGGRESSIVE;
				GCC_WARN_UNUSED_FUNCTION = YES;
				GCC_WARN_UNUSED_VARIABLE = YES;
				IPHONEOS_DEPLOYMENT_TARGET = 9.2;
				MTL_ENABLE_DEBUG_INFO = YES;
				ONLY_ACTIVE_ARCH = YES;
				SDKROOT = iphoneos;
				SWIFT_OPTIMIZATION_LEVEL = "-Onone";
			};
			name = Debug;
		};
		08A951911CA9C4B30015E7B2 /* Release */ = {
			isa = XCBuildConfiguration;
			buildSettings = {
				ALWAYS_SEARCH_USER_PATHS = NO;
				CLANG_CXX_LANGUAGE_STANDARD = "gnu++0x";
				CLANG_CXX_LIBRARY = "libc++";
				CLANG_ENABLE_MODULES = YES;
				CLANG_ENABLE_OBJC_ARC = YES;
				CLANG_WARN_BOOL_CONVERSION = YES;
				CLANG_WARN_CONSTANT_CONVERSION = YES;
				CLANG_WARN_DIRECT_OBJC_ISA_USAGE = YES_ERROR;
				CLANG_WARN_EMPTY_BODY = YES;
				CLANG_WARN_ENUM_CONVERSION = YES;
				CLANG_WARN_INT_CONVERSION = YES;
				CLANG_WARN_OBJC_ROOT_CLASS = YES_ERROR;
				CLANG_WARN_UNREACHABLE_CODE = YES;
				CLANG_WARN__DUPLICATE_METHOD_MATCH = YES;
				"CODE_SIGN_IDENTITY[sdk=iphoneos*]" = "iPhone Developer";
				COPY_PHASE_STRIP = NO;
				DEBUG_INFORMATION_FORMAT = "dwarf-with-dsym";
				ENABLE_NS_ASSERTIONS = NO;
				ENABLE_STRICT_OBJC_MSGSEND = YES;
				GCC_C_LANGUAGE_STANDARD = gnu99;
				GCC_NO_COMMON_BLOCKS = YES;
				GCC_WARN_64_TO_32_BIT_CONVERSION = YES;
				GCC_WARN_ABOUT_RETURN_TYPE = YES_ERROR;
				GCC_WARN_UNDECLARED_SELECTOR = YES;
				GCC_WARN_UNINITIALIZED_AUTOS = YES_AGGRESSIVE;
				GCC_WARN_UNUSED_FUNCTION = YES;
				GCC_WARN_UNUSED_VARIABLE = YES;
				IPHONEOS_DEPLOYMENT_TARGET = 9.2;
				MTL_ENABLE_DEBUG_INFO = NO;
				SDKROOT = iphoneos;
				VALIDATE_PRODUCT = YES;
			};
			name = Release;
		};
		08A951931CA9C4B30015E7B2 /* Debug */ = {
			isa = XCBuildConfiguration;
			buildSettings = {
				ASSETCATALOG_COMPILER_APPICON_NAME = AppIcon;
				INFOPLIST_FILE = PropFinder/Info.plist;
				LD_RUNPATH_SEARCH_PATHS = "$(inherited) @executable_path/Frameworks";
				PRODUCT_BUNDLE_IDENTIFIER = com.Nhimo.PropFinder;
				PRODUCT_NAME = "$(TARGET_NAME)";
			};
			name = Debug;
		};
		08A951941CA9C4B30015E7B2 /* Release */ = {
			isa = XCBuildConfiguration;
			buildSettings = {
				ASSETCATALOG_COMPILER_APPICON_NAME = AppIcon;
				INFOPLIST_FILE = PropFinder/Info.plist;
				LD_RUNPATH_SEARCH_PATHS = "$(inherited) @executable_path/Frameworks";
				PRODUCT_BUNDLE_IDENTIFIER = com.Nhimo.PropFinder;
				PRODUCT_NAME = "$(TARGET_NAME)";
			};
			name = Release;
		};
/* End XCBuildConfiguration section */

/* Begin XCConfigurationList section */
		08A951781CA9C4B20015E7B2 /* Build configuration list for PBXProject "PropFinder" */ = {
			isa = XCConfigurationList;
			buildConfigurations = (
				08A951901CA9C4B30015E7B2 /* Debug */,
				08A951911CA9C4B30015E7B2 /* Release */,
			);
			defaultConfigurationIsVisible = 0;
			defaultConfigurationName = Release;
		};
		08A951921CA9C4B30015E7B2 /* Build configuration list for PBXNativeTarget "PropFinder" */ = {
			isa = XCConfigurationList;
			buildConfigurations = (
				08A951931CA9C4B30015E7B2 /* Debug */,
				08A951941CA9C4B30015E7B2 /* Release */,
			);
			defaultConfigurationIsVisible = 0;
		};
/* End XCConfigurationList section */

/* Begin XCVersionGroup section */
		08A951871CA9C4B30015E7B2 /* PropFinder.xcdatamodeld */ = {
			isa = XCVersionGroup;
			children = (
				08A951881CA9C4B30015E7B2 /* PropFinder.xcdatamodel */,
			);
			currentVersion = 08A951881CA9C4B30015E7B2 /* PropFinder.xcdatamodel */;
			path = PropFinder.xcdatamodeld;
			sourceTree = "<group>";
			versionGroupType = wrapper.xcdatamodel;
		};
/* End XCVersionGroup section */
	};
	rootObject = 08A951751CA9C4B20015E7B2 /* Project object */;
}
